
Microsoft Visual Studio Solution File, Format Version 12.00
# Visual Studio Version 16
VisualStudioVersion = 16.0.30517.126
MinimumVisualStudioVersion = 10.0.40219.1
Project("{FAE04EC0-301F-11D3-BF4B-00C04F79EFBC}") = "ConsoleApp.ConversorDeMoeda", "ConsoleApp.ConversorDeMoeda\ConsoleApp.ConversorDeMoeda.csproj", "{4AF7E6CA-67C2-4F95-9E96-016559617CCB}"
EndProject
Global
	GlobalSection(SolutionConfigurationPlatforms) = preSolution
		Debug|Any CPU = Debug|Any CPU
		Release|Any CPU = Release|Any CPU
	EndGlobalSection
	GlobalSection(ProjectConfigurationPlatforms) = postSolution
		{4AF7E6CA-67C2-4F95-9E96-016559617CCB}.Debug|Any CPU.ActiveCfg = Debug|Any CPU
		{4AF7E6CA-67C2-4F95-9E96-016559617CCB}.Debug|Any CPU.Build.0 = Debug|Any CPU
		{4AF7E6CA-67C2-4F95-9E96-016559617CCB}.Release|Any CPU.ActiveCfg = Release|Any CPU
		{4AF7E6CA-67C2-4F95-9E96-016559617CCB}.Release|Any CPU.Build.0 = Release|Any CPU
	EndGlobalSection
	GlobalSection(SolutionProperties) = preSolution
		HideSolutionNode = FALSE
	EndGlobalSection
	GlobalSection(ExtensibilityGlobals) = postSolution
		SolutionGuid = {986E7E8F-FD0C-4577-BB1A-2245435BC3E6}
	EndGlobalSection
EndGlobal
